{
  "name": "@vcalendars/models",
  "version": "0.1.1",
  "lockfileVersion": 1,
  "requires": true,
  "dependencies": {
    "@danielemeryau/prettier-config": {
      "version": "0.0.5",
      "resolved": "https://registry.npmjs.org/@danielemeryau/prettier-config/-/prettier-config-0.0.5.tgz",
      "integrity": "sha512-MTTep78FPrtmvwFRSenB+jh08G2hgcsrar54QFb2eVX0QtbSb8FORGj0NthYpmcNv9T4okDZhoxGG4FnfmTvYw==",
      "dev": true
    },
    "typescript": {
      "version": "3.7.5",
      "resolved": "https://registry.npmjs.org/typescript/-/typescript-3.7.5.tgz",
      "integrity": "sha512-/P5lkRXkWHNAbcJIiHPfRoKqyd7bsyCma1hZNUGfn20qm64T6ZBlrzprymeu918H+mB/0rIg2gGK/BXkhhYgBw==",
      "dev": true
    }
  }
}
